{
  "nodes": {
    "cachyos-kernel": {
      "flake": false,
      "locked": {
        "lastModified": 1778649404,
        "narHash": "sha256-LwRT4Wn48IPn674TMnrckayCioF0iMGYqE7bi/256/k=",
        "owner": "CachyOS",
        "repo": "linux-cachyos",
        "rev": "6544eeb1694d6790292156dc300f149d14bc5210",
        "type": "github"
      },
      "original": {
        "owner": "CachyOS",
        "repo": "linux-cachyos",
        "type": "github"
      }
    },
    "cachyos-kernel-patches": {
      "flake": false,
      "locked": {
        "lastModified": 1778649239,
        "narHash": "sha256-dNaGAK1lcop+yLsJzjlzSEF2YqBQYvIAKMxhaSqtxB0=",
        "owner": "CachyOS",
        "repo": "kernel-patches",
        "rev": "ba7b8b92f1906de3742dadcbe2d032b5275da891",
        "type": "github"
      },
      "original": {
        "owner": "CachyOS",
        "repo": "kernel-patches",
        "type": "github"
      }
    },
    "express-messenger": {
      "inputs": {
        "nixpkgs": [
          "nixpkgs"
        ]
      },
      "locked": {
        "lastModified": 1778685540,
        "narHash": "sha256-tWim6UqsnBVwpuVxdMsaJTAJcNmCsRPzjo9dzNXnTPU=",
        "owner": "blackfan321",
        "repo": "express-messenger-nix",
        "rev": "fbca0ec5d53371596452b8b475a60ba15757688e",
        "type": "github"
      },
      "original": {
        "owner": "blackfan321",
        "repo": "express-messenger-nix",
        "type": "github"
      }
    },
    "flake-compat": {
      "flake": false,
      "locked": {
        "lastModified": 1767039857,
        "narHash": "sha256-vNpUSpF5Nuw8xvDLj2KCwwksIbjua2LZCqhV1LNRDns=",
        "owner": "NixOS",
        "repo": "flake-compat",
        "rev": "5edf11c44bc78a0d334f6334cdaf7d60d732daab",
        "type": "github"
      },
      "original": {
        "owner": "NixOS",
        "repo": "flake-compat",
        "type": "github"
      }
    },
    "flake-parts": {
      "inputs": {
        "nixpkgs-lib": "nixpkgs-lib"
      },
      "locked": {
        "lastModified": 1778716662,
        "narHash": "sha256-m1Yf0wZ8j1OHjTc2UwHwyQRSnNeSgLJOd7q5Y45hzi4=",
        "owner": "hercules-ci",
        "repo": "flake-parts",
        "rev": "f7c1a2d347e4c52d5fb8d10cb4d94b5884e546fb",
        "type": "github"
      },
      "original": {
        "owner": "hercules-ci",
        "repo": "flake-parts",
        "type": "github"
      }
    },
    "home-manager": {
      "inputs": {
        "nixpkgs": [
          "nixpkgs"
        ]
      },
      "locked": {
        "lastModified": 1778876681,
        "narHash": "sha256-9XOIxYLBp+sJsPWNnNyk1aVfYXuuRJZ4Anpplm9Tn8g=",
        "owner": "nix-community",
        "repo": "home-manager",
        "rev": "c7fad8197070948d8aa02cb8922240ee129cab2e",
        "type": "github"
      },
      "original": {
        "owner": "nix-community",
        "repo": "home-manager",
        "type": "github"
      }
    },
    "hytale-launcher": {
      "inputs": {
        "nixpkgs": [
          "nixpkgs"
        ]
      },
      "locked": {
        "lastModified": 1778859604,
        "narHash": "sha256-6LPbKc85n31Uxvq6zR7HVJVT2Te5cSCPgjuQFZtiMhU=",
        "owner": "JPyke3",
        "repo": "hytale-launcher-nix",
        "rev": "2da1f197bb747729ea3bcbd2d38f8a12b1fec236",
        "type": "github"
      },
      "original": {
        "owner": "JPyke3",
        "repo": "hytale-launcher-nix",
        "type": "github"
      }
    },
    "ktalk": {
      "inputs": {
        "nixpkgs": [
          "nixpkgs"
        ]
      },
      "locked": {
        "lastModified": 1777445905,
        "narHash": "sha256-13zF6K4z+u5vUAhw89ui+V9KMWWsEC85JlN95kliNho=",
        "owner": "blackfan321",
        "repo": "ktalk-nix",
        "rev": "c2405a551139fe94c8573f1b3f977062b4737b07",
        "type": "github"
      },
      "original": {
        "owner": "blackfan321",
        "repo": "ktalk-nix",
        "type": "github"
      }
    },
    "loop-messenger": {
      "inputs": {
        "nixpkgs": [
          "nixpkgs"
        ]
      },
      "locked": {
        "lastModified": 1775176057,
        "narHash": "sha256-qgxi3RCRBvUr5N8x1/lej4FvEPCwcTUDCq3lBpEM/6U=",
        "owner": "blackfan321",
        "repo": "loop-messenger-nix",
        "rev": "d0faf7f2520a6ccd288ba640fbaeb8af20151381",
        "type": "github"
      },
      "original": {
        "owner": "blackfan321",
        "repo": "loop-messenger-nix",
        "type": "github"
      }
    },
    "nix-cachyos-kernel": {
      "inputs": {
        "cachyos-kernel": "cachyos-kernel",
        "cachyos-kernel-patches": "cachyos-kernel-patches",
        "flake-compat": "flake-compat",
        "flake-parts": "flake-parts",
        "nixpkgs": "nixpkgs"
      },
      "locked": {
        "lastModified": 1778786644,
        "narHash": "sha256-Nmacd0dSaHA6L35fTa6aXXoQUhoFa7+Z1k13Y9G3DPY=",
        "owner": "xddxdd",
        "repo": "nix-cachyos-kernel",
        "rev": "f2004296fc7cf75fccfa1028a6253dd5f42456a8",
        "type": "github"
      },
      "original": {
        "owner": "xddxdd",
        "ref": "release",
        "repo": "nix-cachyos-kernel",
        "type": "github"
      }
    },
    "nixpkgs": {
      "locked": {
        "lastModified": 1778729098,
        "narHash": "sha256-17SbusskVZng4nwevRqsWNJf27nMG7UczvtgWTUJttg=",
        "owner": "NixOS",
        "repo": "nixpkgs",
        "rev": "39ea44cddd5060b8cd413ed5e13c6af61f302283",
        "type": "github"
      },
      "original": {
        "owner": "NixOS",
        "ref": "nixos-unstable-small",
        "repo": "nixpkgs",
        "type": "github"
      }
    },
    "nixpkgs-lib": {
      "locked": {
        "lastModified": 1777168982,
        "narHash": "sha256-GOkGPcboWE9BmGCRMLX3worL4EMnsnG8MyKmXNeYuhQ=",
        "owner": "nix-community",
        "repo": "nixpkgs.lib",
        "rev": "f5901329dade4a6ea039af1433fb087bd9c1fe14",
        "type": "github"
      },
      "original": {
        "owner": "nix-community",
        "repo": "nixpkgs.lib",
        "type": "github"
      }
    },
    "nixpkgs_2": {
      "locked": {
        "lastModified": 1778443072,
        "narHash": "sha256-zi7/fsqM/kFdNuED//4WOCUtezGtKKqRNORjMvfwjnA=",
        "owner": "nixos",
        "repo": "nixpkgs",
        "rev": "da5ad661ba4e5ef59ba743f0d112cbc30e474f32",
        "type": "github"
      },
      "original": {
        "owner": "nixos",
        "ref": "nixos-unstable",
        "repo": "nixpkgs",
        "type": "github"
      }
    },
    "root": {
      "inputs": {
        "express-messenger": "express-messenger",
        "home-manager": "home-manager",
        "hytale-launcher": "hytale-launcher",
        "ktalk": "ktalk",
        "loop-messenger": "loop-messenger",
        "nix-cachyos-kernel": "nix-cachyos-kernel",
        "nixpkgs": "nixpkgs_2",
        "steam-platform-stats": "steam-platform-stats"
      }
    },
    "steam-platform-stats": {
      "inputs": {
        "nixpkgs": [
          "nixpkgs"
        ]
      },
      "locked": {
        "lastModified": 1775465904,
        "narHash": "sha256-mMU0A95St4A57eMljFB9cexI5Dm0bW+PTtjD/LnrNck=",
        "owner": "blackfan321",
        "repo": "steam-platform-stats",
        "rev": "1395c16531f4b7a42cdeb3325fc7c90c0dd87e72",
        "type": "github"
      },
      "original": {
        "owner": "blackfan321",
        "repo": "steam-platform-stats",
        "type": "github"
      }
    }
  },
  "root": "root",
  "version": 7
}
